
Microsoft Visual Studio Solution File, Format Version 12.00
# Visual Studio 15
VisualStudioVersion = 15.0.27428.2015
MinimumVisualStudioVersion = 10.0.40219.1
Project("{FAE04EC0-301F-11D3-BF4B-00C04F79EFBC}") = "NrsCl", "NrsCl\NrsCl.csproj", "{ED98073C-D801-4548-970C-E97FEF1CA69D}"
EndProject
Project("{FAE04EC0-301F-11D3-BF4B-00C04F79EFBC}") = "Test", "Test\Test.csproj", "{2AA14771-A3CD-4848-96A2-B13919406513}"
EndProject
Global
	GlobalSection(SolutionConfigurationPlatforms) = preSolution
		Debug|Any CPU = Debug|Any CPU
		Release|Any CPU = Release|Any CPU
	EndGlobalSection
	GlobalSection(ProjectConfigurationPlatforms) = postSolution
		{ED98073C-D801-4548-970C-E97FEF1CA69D}.Debug|Any CPU.ActiveCfg = Debug|Any CPU
		{ED98073C-D801-4548-970C-E97FEF1CA69D}.Debug|Any CPU.Build.0 = Debug|Any CPU
		{ED98073C-D801-4548-970C-E97FEF1CA69D}.Release|Any CPU.ActiveCfg = Release|Any CPU
		{ED98073C-D801-4548-970C-E97FEF1CA69D}.Release|Any CPU.Build.0 = Release|Any CPU
		{2AA14771-A3CD-4848-96A2-B13919406513}.Debug|Any CPU.ActiveCfg = Debug|Any CPU
		{2AA14771-A3CD-4848-96A2-B13919406513}.Debug|Any CPU.Build.0 = Debug|Any CPU
		{2AA14771-A3CD-4848-96A2-B13919406513}.Release|Any CPU.ActiveCfg = Release|Any CPU
		{2AA14771-A3CD-4848-96A2-B13919406513}.Release|Any CPU.Build.0 = Release|Any CPU
	EndGlobalSection
	GlobalSection(SolutionProperties) = preSolution
		HideSolutionNode = FALSE
	EndGlobalSection
	GlobalSection(ExtensibilityGlobals) = postSolution
		SolutionGuid = {42E71A0A-99F3-4D63-B804-3CC673D61C45}
	EndGlobalSection
EndGlobal
